
Microsoft Visual Studio Solution File, Format Version 12.00
# Visual Studio Version 17
VisualStudioVersion = 17.3.32929.385
MinimumVisualStudioVersion = 10.0.40219.1
Project("{FAE04EC0-301F-11D3-BF4B-00C04F79EFBC}") = "Classic Snakes Game", "Classic Snakes Game\Classic Snakes Game.csproj", "{B4E019D0-CFEF-4C92-B8FE-51D1223768CF}"
EndProject
Global
	GlobalSection(SolutionConfigurationPlatforms) = preSolution
		Debug|Any CPU = Debug|Any CPU
		Release|Any CPU = Release|Any CPU
	EndGlobalSection
	GlobalSection(ProjectConfigurationPlatforms) = postSolution
		{B4E019D0-CFEF-4C92-B8FE-51D1223768CF}.Debug|Any CPU.ActiveCfg = Debug|Any CPU
		{B4E019D0-CFEF-4C92-B8FE-51D1223768CF}.Debug|Any CPU.Build.0 = Debug|Any CPU
		{B4E019D0-CFEF-4C92-B8FE-51D1223768CF}.Release|Any CPU.ActiveCfg = Release|Any CPU
		{B4E019D0-CFEF-4C92-B8FE-51D1223768CF}.Release|Any CPU.Build.0 = Release|Any CPU
	EndGlobalSection
	GlobalSection(SolutionProperties) = preSolution
		HideSolutionNode = FALSE
	EndGlobalSection
	GlobalSection(ExtensibilityGlobals) = postSolution
		SolutionGuid = {F7EE4B39-CF7D-467A-BD31-3A7FE8606C2F}
	EndGlobalSection
EndGlobal
